
Microsoft Visual Studio Solution File, Format Version 12.00
Project("{FAE04EC0-301F-11D3-BF4B-00C04F79EFBC}") = "JSONLibrary", "JSONLibrary\JSONLibrary.csproj", "{59EC43FA-54DC-46D8-810F-23424BF319BC}"
EndProject
Global
	GlobalSection(SolutionConfigurationPlatforms) = preSolution
		Debug|Any CPU = Debug|Any CPU
		Release|Any CPU = Release|Any CPU
	EndGlobalSection
	GlobalSection(ProjectConfigurationPlatforms) = postSolution
		{59EC43FA-54DC-46D8-810F-23424BF319BC}.Debug|Any CPU.ActiveCfg = Debug|Any CPU
		{59EC43FA-54DC-46D8-810F-23424BF319BC}.Debug|Any CPU.Build.0 = Debug|Any CPU
		{59EC43FA-54DC-46D8-810F-23424BF319BC}.Release|Any CPU.ActiveCfg = Release|Any CPU
		{59EC43FA-54DC-46D8-810F-23424BF319BC}.Release|Any CPU.Build.0 = Release|Any CPU
	EndGlobalSection
EndGlobal
